{
  "lockfile_version": "1",
  "packages": {
    "clusterctl@1.12.2": {
      "last_modified": "2026-02-23T15:40:43Z",
      "resolved": "github:NixOS/nixpkgs/80d901ec0377e19ac3f7bb8c035201e2e098cc97#clusterctl",
      "source": "devbox-search",
      "version": "1.12.2",
      "systems": {
        "aarch64-darwin": {
          "outputs": [
            {
              "name": "out",
              "path": "/nix/store/778jxvqkkq2417wf7khzfwm3w1w9z4n1-clusterctl-1.12.2",
              "default": true
            }
          ],
          "store_path": "/nix/store/778jxvqkkq2417wf7khzfwm3w1w9z4n1-clusterctl-1.12.2"
        },
        "aarch64-linux": {
          "outputs": [
            {
              "name": "out",
              "path": "/nix/store/8dkagw89sav6kk19sfbvpjqa0il0pw6l-clusterctl-1.12.2",
              "default": true
            }
          ],
          "store_path": "/nix/store/8dkagw89sav6kk19sfbvpjqa0il0pw6l-clusterctl-1.12.2"
        },
        "x86_64-darwin": {
          "outputs": [
            {
              "name": "out",
              "path": "/nix/store/8844gbxh2cfkpgszmnwhxplm43pg7z1r-clusterctl-1.12.2",
              "default": true
            }
          ],
          "store_path": "/nix/store/8844gbxh2cfkpgszmnwhxplm43pg7z1r-clusterctl-1.12.2"
        },
        "x86_64-linux": {
          "outputs": [
            {
              "name": "out",
              "path": "/nix/store/b9sid26w0lnafiyzxpyxcink9crcvzh6-clusterctl-1.12.2",
              "default": true
            }
          ],
          "store_path": "/nix/store/b9sid26w0lnafiyzxpyxcink9crcvzh6-clusterctl-1.12.2"
        }
      }
    },
    "ctlptl@0.9.4": {
      "last_modified": "2026-06-27T07:37:20Z",
      "resolved": "github:NixOS/nixpkgs/3d46470bb3030020f7e1361f33514854f5bfa86d#ctlptl",
      "source": "devbox-search",
      "version": "0.9.4",
      "systems": {
        "aarch64-darwin": {
          "outputs": [
            {
              "name": "out",
              "path": "/nix/store/qyhn7mhvvk0mqyjackh50gzg0q0b9gyr-ctlptl-0.9.4",
              "default": true
            }
          ],
          "store_path": "/nix/store/qyhn7mhvvk0mqyjackh50gzg0q0b9gyr-ctlptl-0.9.4"
        },
        "aarch64-linux": {
          "outputs": [
            {
              "name": "out",
              "path": "/nix/store/76df716r9wi3krwlfw1q6zm7n90p9g12-ctlptl-0.9.4",
              "default": true
            }
          ],
          "store_path": "/nix/store/76df716r9wi3krwlfw1q6zm7n90p9g12-ctlptl-0.9.4"
        },
        "x86_64-darwin": {
          "outputs": [
            {
              "name": "out",
              "path": "/nix/store/x9d46p0rqpmkxfnlg4bd70xxl1k9mi5q-ctlptl-0.9.4",
              "default": true
            }
          ],
          "store_path": "/nix/store/x9d46p0rqpmkxfnlg4bd70xxl1k9mi5q-ctlptl-0.9.4"
        },
        "x86_64-linux": {
          "outputs": [
            {
              "name": "out",
              "path": "/nix/store/byxh2dhjyf3rg1zw76s6hg3qcym4ypdv-ctlptl-0.9.4",
              "default": true
            }
          ],
          "store_path": "/nix/store/byxh2dhjyf3rg1zw76s6hg3qcym4ypdv-ctlptl-0.9.4"
        }
      }
    },
    "docker@29.6.0": {
      "last_modified": "2026-06-27T07:37:20Z",
      "resolved": "github:NixOS/nixpkgs/3d46470bb3030020f7e1361f33514854f5bfa86d#docker",
      "source": "devbox-search",
      "version": "29.6.0",
      "systems": {
        "aarch64-darwin": {
          "outputs": [
            {
              "name": "out",
              "path": "/nix/store/frswq58yrrahdr0p64s9cdbrcadlmpcz-docker-29.6.0",
              "default": true
            }
          ],
          "store_path": "/nix/store/frswq58yrrahdr0p64s9cdbrcadlmpcz-docker-29.6.0"
        },
        "aarch64-linux": {
          "outputs": [
            {
              "name": "out",
              "path": "/nix/store/7agvcxwq6vkpfaa7h2d6ghq5kpx76jnm-docker-29.6.0",
              "default": true
            }
          ],
          "store_path": "/nix/store/7agvcxwq6vkpfaa7h2d6ghq5kpx76jnm-docker-29.6.0"
        },
        "x86_64-darwin": {
          "outputs": [
            {
              "name": "out",
              "path": "/nix/store/ml22rn74bdqcxc00v7b7yvmg7hwj1ajr-docker-29.6.0",
              "default": true
            }
          ],
          "store_path": "/nix/store/ml22rn74bdqcxc00v7b7yvmg7hwj1ajr-docker-29.6.0"
        },
        "x86_64-linux": {
          "outputs": [
            {
              "name": "out",
              "path": "/nix/store/39wvm11rhrfzfz0zd6df2pzinv4av48s-docker-29.6.0",
              "default": true
            }
          ],
          "store_path": "/nix/store/39wvm11rhrfzfz0zd6df2pzinv4av48s-docker-29.6.0"
        }
      }
    },
    "envsubst@1.4.3": {
      "last_modified": "2026-06-27T07:37:20Z",
      "resolved": "github:NixOS/nixpkgs/3d46470bb3030020f7e1361f33514854f5bfa86d#envsubst",
      "source": "devbox-search",
      "version": "1.4.3",
      "systems": {
        "aarch64-darwin": {
          "outputs": [
            {
              "name": "out",
              "path": "/nix/store/29sg664hn838sj07akpvnsikgv6pym1d-envsubst-1.4.3",
              "default": true
            }
          ],
          "store_path": "/nix/store/29sg664hn838sj07akpvnsikgv6pym1d-envsubst-1.4.3"
        },
        "aarch64-linux": {
          "outputs": [
            {
              "name": "out",
              "path": "/nix/store/lmwxsl0jzjyq2jgljwki9dhr6lvg6bq5-envsubst-1.4.3",
              "default": true
            }
          ],
          "store_path": "/nix/store/lmwxsl0jzjyq2jgljwki9dhr6lvg6bq5-envsubst-1.4.3"
        },
        "x86_64-darwin": {
          "outputs": [
            {
              "name": "out",
              "path": "/nix/store/jhjglcda461bk9hpv7lsa35x2c1jvzxi-envsubst-1.4.3",
              "default": true
            }
          ],
          "store_path": "/nix/store/jhjglcda461bk9hpv7lsa35x2c1jvzxi-envsubst-1.4.3"
        },
        "x86_64-linux": {
          "outputs": [
            {
              "name": "out",
              "path": "/nix/store/q32cmkzblj2nvkrhp509d8w1fmcrnj3z-envsubst-1.4.3",
              "default": true
            }
          ],
          "store_path": "/nix/store/q32cmkzblj2nvkrhp509d8w1fmcrnj3z-envsubst-1.4.3"
        }
      }
    },
    "github:NixOS/nixpkgs/nixpkgs-unstable": {
      "last_modified": "2026-03-10T02:35:18Z",
      "resolved": "github:NixOS/nixpkgs/e607cb5360ff1234862ac9f8839522becb853bb9?lastModified=1773110118&narHash=sha256-mPAG8phMbCReKSiKAijjjd3v7uVcJOQ75gSjGJjt%2FRk%3D"
    },
    "go@1.26.4": {
      "last_modified": "2026-06-27T07:37:20Z",
      "resolved": "github:NixOS/nixpkgs/3d46470bb3030020f7e1361f33514854f5bfa86d#go",
      "source": "devbox-search",
      "version": "1.26.4",
      "systems": {
        "aarch64-darwin": {
          "outputs": [
            {
              "name": "out",
              "path": "/nix/store/kyai650rrywrzflnwda9mbk2c2j9w68r-go-1.26.4",
              "default": true
            }
          ],
          "store_path": "/nix/store/kyai650rrywrzflnwda9mbk2c2j9w68r-go-1.26.4"
        },
        "aarch64-linux": {
          "outputs": [
            {
              "name": "out",
              "path": "/nix/store/lgcj27hrbanbc93xm9zdrldds7b1jrw8-go-1.26.4",
              "default": true
            }
          ],
          "store_path": "/nix/store/lgcj27hrbanbc93xm9zdrldds7b1jrw8-go-1.26.4"
        },
        "x86_64-darwin": {
          "outputs": [
            {
              "name": "out",
              "path": "/nix/store/h0z6ghmi3cihlbm163d72xs9p9nn04a1-go-1.26.4",
              "default": true
            }
          ],
          "store_path": "/nix/store/h0z6ghmi3cihlbm163d72xs9p9nn04a1-go-1.26.4"
        },
        "x86_64-linux": {
          "outputs": [
            {
              "name": "out",
              "path": "/nix/store/gb0njhqswlc5n127ikgyikvq39r40l6f-go-1.26.4",
              "default": true
            }
          ],
          "store_path": "/nix/store/gb0njhqswlc5n127ikgyikvq39r40l6f-go-1.26.4"
        }
      }
    },
    "golangci-lint@2.12.2": {
      "last_modified": "2026-06-27T07:37:20Z",
      "resolved": "github:NixOS/nixpkgs/3d46470bb3030020f7e1361f33514854f5bfa86d#golangci-lint",
      "source": "devbox-search",
      "version": "2.12.2",
      "systems": {
        "aarch64-darwin": {
          "outputs": [
            {
              "name": "out",
              "path": "/nix/store/q0mwmg8zin7aw87bllirja1bq58mphh6-golangci-lint-2.12.2",
              "default": true
            }
          ],
          "store_path": "/nix/store/q0mwmg8zin7aw87bllirja1bq58mphh6-golangci-lint-2.12.2"
        },
        "aarch64-linux": {
          "outputs": [
            {
              "name": "out",
              "path": "/nix/store/i6f2vzix80whq7z1z1pklzflxk5nbkwd-golangci-lint-2.12.2",
              "default": true
            }
          ],
          "store_path": "/nix/store/i6f2vzix80whq7z1z1pklzflxk5nbkwd-golangci-lint-2.12.2"
        },
        "x86_64-darwin": {
          "outputs": [
            {
              "name": "out",
              "path": "/nix/store/w8c3i6vmxnnj0xixvjsa9lva3rcd2rvs-golangci-lint-2.12.2",
              "default": true
            }
          ],
          "store_path": "/nix/store/w8c3i6vmxnnj0xixvjsa9lva3rcd2rvs-golangci-lint-2.12.2"
        },
        "x86_64-linux": {
          "outputs": [
            {
              "name": "out",
              "path": "/nix/store/1r5xmhis3iq5cn3wfq2jn62yiwsb97sc-golangci-lint-2.12.2",
              "default": true
            }
          ],
          "store_path": "/nix/store/1r5xmhis3iq5cn3wfq2jn62yiwsb97sc-golangci-lint-2.12.2"
        }
      }
    },
    "jq@1.8.1": {
      "last_modified": "2026-06-27T07:37:20Z",
      "resolved": "github:NixOS/nixpkgs/3d46470bb3030020f7e1361f33514854f5bfa86d#jq",
      "source": "devbox-search",
      "version": "1.8.1",
      "systems": {
        "aarch64-darwin": {
          "outputs": [
            {
              "name": "bin",
              "path": "/nix/store/n9ri7m7j3l3ggx7ag8xm87cavjvcxycz-jq-1.8.1-bin",
              "default": true
            },
            {
              "name": "man",
              "path": "/nix/store/0l8f1i70kd15qadl45b4fvqlg2j7s5hn-jq-1.8.1-man",
              "default": true
            },
            {
              "name": "dev",
              "path": "/nix/store/pfp4psnwxs2ygda5sq6sr95x2snn6yjl-jq-1.8.1-dev"
            },
            {
              "name": "doc",
              "path": "/nix/store/6va29c6s0v4kqi0zvc5jhn7s31c9i4hd-jq-1.8.1-doc"
            },
            {
              "name": "out",
              "path": "/nix/store/phmsnvxjh6rmf7id4wahi3vllbj8fn4s-jq-1.8.1"
            }
          ],
          "store_path": "/nix/store/n9ri7m7j3l3ggx7ag8xm87cavjvcxycz-jq-1.8.1-bin"
        },
        "aarch64-linux": {
          "outputs": [
            {
              "name": "bin",
              "path": "/nix/store/hmwz4mnhiwyy1zyrypbdk6xqrxrpv4jp-jq-1.8.1-bin",
              "default": true
            },
            {
              "name": "man",
              "path": "/nix/store/iy9j5qqv7bkf0fnwh6pddfbk5q93i3nh-jq-1.8.1-man",
              "default": true
            },
            {
              "name": "dev",
              "path": "/nix/store/gkincbg9wkmasrxw36mmyvp08jyhcxxg-jq-1.8.1-dev"
            },
            {
              "name": "doc",
              "path": "/nix/store/vh84k872pnn2xavlx9j551056k1h579f-jq-1.8.1-doc"
            },
            {
              "name": "out",
              "path": "/nix/store/cs80rizzqf70hsya9n2h60zj9rf23sr5-jq-1.8.1"
            }
          ],
          "store_path": "/nix/store/hmwz4mnhiwyy1zyrypbdk6xqrxrpv4jp-jq-1.8.1-bin"
        },
        "x86_64-darwin": {
          "outputs": [
            {
              "name": "bin",
              "path": "/nix/store/glj1kzrb6jm7x4r5z400mcmja8ws657q-jq-1.8.1-bin",
              "default": true
            },
            {
              "name": "man",
              "path": "/nix/store/vpk901871j7kfmmb20i1vfxh5d8mhim2-jq-1.8.1-man",
              "default": true
            },
            {
              "name": "dev",
              "path": "/nix/store/akbah2c4a6xcgpx2l7xqqgfbxgi8anfj-jq-1.8.1-dev"
            },
            {
              "name": "doc",
              "path": "/nix/store/jb2xgi4gjvzwifzfmf4kzkimbgrhsaav-jq-1.8.1-doc"
            },
            {
              "name": "out",
              "path": "/nix/store/l4i89frkjf4dly7gxwbksrcimcgr2x8f-jq-1.8.1"
            }
          ],
          "store_path": "/nix/store/glj1kzrb6jm7x4r5z400mcmja8ws657q-jq-1.8.1-bin"
        },
        "x86_64-linux": {
          "outputs": [
            {
              "name": "bin",
              "path": "/nix/store/q0pj1dw2nr57y6b4pqljklf0hy20alfj-jq-1.8.1-bin",
              "default": true
            },
            {
              "name": "man",
              "path": "/nix/store/d21dmfzxkgpa7jkn5ggr0balzfg0j269-jq-1.8.1-man",
              "default": true
            },
            {
              "name": "dev",
              "path": "/nix/store/3vavalljj18drsycygl361zqz4rryygd-jq-1.8.1-dev"
            },
            {
              "name": "doc",
              "path": "/nix/store/nzhykmz9qn2vrb9ki6ddrpipic7rfpfb-jq-1.8.1-doc"
            },
            {
              "name": "out",
              "path": "/nix/store/bzm6nb8fx5p005bygrarn48i6qy1ir3a-jq-1.8.1"
            }
          ],
          "store_path": "/nix/store/q0pj1dw2nr57y6b4pqljklf0hy20alfj-jq-1.8.1-bin"
        }
      }
    },
    "kind@0.31.0": {
      "last_modified": "2026-06-27T07:37:20Z",
      "resolved": "github:NixOS/nixpkgs/3d46470bb3030020f7e1361f33514854f5bfa86d#kind",
      "source": "devbox-search",
      "version": "0.31.0",
      "systems": {
        "aarch64-darwin": {
          "outputs": [
            {
              "name": "out",
              "path": "/nix/store/zcbvwl33lj6xf1n0hmdgr54ricwx2b6p-kind-0.31.0",
              "default": true
            }
          ],
          "store_path": "/nix/store/zcbvwl33lj6xf1n0hmdgr54ricwx2b6p-kind-0.31.0"
        },
        "aarch64-linux": {
          "outputs": [
            {
              "name": "out",
              "path": "/nix/store/30ng1cid9rm0hass1sl4hj18jg3qbq72-kind-0.31.0",
              "default": true
            }
          ],
          "store_path": "/nix/store/30ng1cid9rm0hass1sl4hj18jg3qbq72-kind-0.31.0"
        },
        "x86_64-darwin": {
          "outputs": [
            {
              "name": "out",
              "path": "/nix/store/m2433l78a24pn3a2d02sp1j14jb2vg1x-kind-0.31.0",
              "default": true
            }
          ],
          "store_path": "/nix/store/m2433l78a24pn3a2d02sp1j14jb2vg1x-kind-0.31.0"
        },
        "x86_64-linux": {
          "outputs": [
            {
              "name": "out",
              "path": "/nix/store/nwazbvw2ykpnyaynixz9y5vq7vk3qmzj-kind-0.31.0",
              "default": true
            }
          ],
          "store_path": "/nix/store/nwazbvw2ykpnyaynixz9y5vq7vk3qmzj-kind-0.31.0"
        }
      }
    },
    "kubectl@1.36.2": {
      "last_modified": "2026-06-27T07:37:20Z",
      "resolved": "github:NixOS/nixpkgs/3d46470bb3030020f7e1361f33514854f5bfa86d#kubectl",
      "source": "devbox-search",
      "version": "1.36.2",
      "systems": {
        "aarch64-darwin": {
          "outputs": [
            {
              "name": "out",
              "path": "/nix/store/5ffkf9jl4q5j8lc0hnjbzc8z0z13k2v0-kubectl-1.36.2",
              "default": true
            },
            {
              "name": "man",
              "path": "/nix/store/xkfjvrsbdm163clwd08ncqfkgsrdzad6-kubectl-1.36.2-man",
              "default": true
            },
            {
              "name": "convert",
              "path": "/nix/store/x3i9x1ky83wp5zyrcx3in6qq4vmj18p7-kubectl-1.36.2-convert"
            }
          ],
          "store_path": "/nix/store/5ffkf9jl4q5j8lc0hnjbzc8z0z13k2v0-kubectl-1.36.2"
        },
        "aarch64-linux": {
          "outputs": [
            {
              "name": "out",
              "path": "/nix/store/37b8wvibnxkxp54ndndacvi72a81ylsb-kubectl-1.36.2",
              "default": true
            },
            {
              "name": "man",
              "path": "/nix/store/78isckjhiww09qw1nyh05y4xpnwcmfa8-kubectl-1.36.2-man",
              "default": true
            },
            {
              "name": "convert",
              "path": "/nix/store/ri4mg6hc4686zdp8f73cns68fkfwsyq8-kubectl-1.36.2-convert"
            }
          ],
          "store_path": "/nix/store/37b8wvibnxkxp54ndndacvi72a81ylsb-kubectl-1.36.2"
        },
        "x86_64-darwin": {
          "outputs": [
            {
              "name": "out",
              "path": "/nix/store/2mzx35a2g3h1n4lpk0p6qm6dl83d2gi6-kubectl-1.36.2",
              "default": true
            },
            {
              "name": "man",
              "path": "/nix/store/8agbav6nsacbxb826wwhy27dckb60hhk-kubectl-1.36.2-man",
              "default": true
            },
            {
              "name": "convert",
              "path": "/nix/store/xavdplccjx28qkqadjgs7mnimc3sizjk-kubectl-1.36.2-convert"
            }
          ],
          "store_path": "/nix/store/2mzx35a2g3h1n4lpk0p6qm6dl83d2gi6-kubectl-1.36.2"
        },
        "x86_64-linux": {
          "outputs": [
            {
              "name": "out",
              "path": "/nix/store/3dd157118hzg4cmg87fg2mnjp3wkvrm8-kubectl-1.36.2",
              "default": true
            },
            {
              "name": "man",
              "path": "/nix/store/2g4hsvhjr30dyarlrqh2g1pg636bzlnr-kubectl-1.36.2-man",
              "default": true
            },
            {
              "name": "convert",
              "path": "/nix/store/rpqbz66l6znajvdmizzijf5skikh2ra2-kubectl-1.36.2-convert"
            }
          ],
          "store_path": "/nix/store/3dd157118hzg4cmg87fg2mnjp3wkvrm8-kubectl-1.36.2"
        }
      }
    },
    "kustomize@5.8.1": {
      "last_modified": "2026-06-27T07:37:20Z",
      "resolved": "github:NixOS/nixpkgs/3d46470bb3030020f7e1361f33514854f5bfa86d#kustomize",
      "source": "devbox-search",
      "version": "5.8.1",
      "systems": {
        "aarch64-darwin": {
          "outputs": [
            {
              "name": "out",
              "path": "/nix/store/iqr1czjzzm9zsdn250gxs5rf6q1c6ryf-kustomize-5.8.1",
              "default": true
            }
          ],
          "store_path": "/nix/store/iqr1czjzzm9zsdn250gxs5rf6q1c6ryf-kustomize-5.8.1"
        },
        "aarch64-linux": {
          "outputs": [
            {
              "name": "out",
              "path": "/nix/store/5fg6ic4bcmhxrqp7ylq2xwdgh4n6ik8i-kustomize-5.8.1",
              "default": true
            }
          ],
          "store_path": "/nix/store/5fg6ic4bcmhxrqp7ylq2xwdgh4n6ik8i-kustomize-5.8.1"
        },
        "x86_64-darwin": {
          "outputs": [
            {
              "name": "out",
              "path": "/nix/store/7hx9cv1yxfd01k33aaxay05a8pzm3gja-kustomize-5.8.1",
              "default": true
            }
          ],
          "store_path": "/nix/store/7hx9cv1yxfd01k33aaxay05a8pzm3gja-kustomize-5.8.1"
        },
        "x86_64-linux": {
          "outputs": [
            {
              "name": "out",
              "path": "/nix/store/qr14kk804av1w3i5a2ais4srhrhj86aj-kustomize-5.8.1",
              "default": true
            }
          ],
          "store_path": "/nix/store/qr14kk804av1w3i5a2ais4srhrhj86aj-kustomize-5.8.1"
        }
      }
    },
    "kyverno-chainsaw@0.2.15": {
      "last_modified": "2026-06-27T07:37:20Z",
      "resolved": "github:NixOS/nixpkgs/3d46470bb3030020f7e1361f33514854f5bfa86d#kyverno-chainsaw",
      "source": "devbox-search",
      "version": "0.2.15",
      "systems": {
        "aarch64-darwin": {
          "outputs": [
            {
              "name": "out",
              "path": "/nix/store/9z1fziz9yqh5j0gph52lpv0qvfwzkxc7-kyverno-chainsaw-0.2.15",
              "default": true
            }
          ],
          "store_path": "/nix/store/9z1fziz9yqh5j0gph52lpv0qvfwzkxc7-kyverno-chainsaw-0.2.15"
        },
        "aarch64-linux": {
          "outputs": [
            {
              "name": "out",
              "path": "/nix/store/yiz64v9i9frdiypjvrr6j0fmhh3km0fx-kyverno-chainsaw-0.2.15",
              "default": true
            }
          ],
          "store_path": "/nix/store/yiz64v9i9frdiypjvrr6j0fmhh3km0fx-kyverno-chainsaw-0.2.15"
        },
        "x86_64-darwin": {
          "outputs": [
            {
              "name": "out",
              "path": "/nix/store/sy5mraycvs964xaxq9v5pkzd4kiy4g55-kyverno-chainsaw-0.2.15",
              "default": true
            }
          ],
          "store_path": "/nix/store/sy5mraycvs964xaxq9v5pkzd4kiy4g55-kyverno-chainsaw-0.2.15"
        },
        "x86_64-linux": {
          "outputs": [
            {
              "name": "out",
              "path": "/nix/store/8p14kjh07yz1ii91kcaqg3d8qy0fdj93-kyverno-chainsaw-0.2.15",
              "default": true
            }
          ],
          "store_path": "/nix/store/8p14kjh07yz1ii91kcaqg3d8qy0fdj93-kyverno-chainsaw-0.2.15"
        }
      }
    },
    "mockgen@1.6.0": {
      "last_modified": "2023-12-13T22:54:10Z",
      "resolved": "github:NixOS/nixpkgs/fd04bea4cbf76f86f244b9e2549fca066db8ddff#mockgen",
      "source": "devbox-search",
      "version": "1.6.0",
      "systems": {
        "aarch64-darwin": {
          "outputs": [
            {
              "name": "out",
              "path": "/nix/store/8jsr1j1h8g3k3j5rg8vv79aviffxrfny-mockgen-1.6.0",
              "default": true
            }
          ],
          "store_path": "/nix/store/8jsr1j1h8g3k3j5rg8vv79aviffxrfny-mockgen-1.6.0"
        },
        "aarch64-linux": {
          "outputs": [
            {
              "name": "out",
              "path": "/nix/store/34rrlc5lz43mibljdd7ai0qyi7zcq4ic-mockgen-1.6.0",
              "default": true
            }
          ],
          "store_path": "/nix/store/34rrlc5lz43mibljdd7ai0qyi7zcq4ic-mockgen-1.6.0"
        },
        "x86_64-darwin": {
          "outputs": [
            {
              "name": "out",
              "path": "/nix/store/cj1r5vllmiq7fh4izsmlacjrdkw2h4b5-mockgen-1.6.0",
              "default": true
            }
          ],
          "store_path": "/nix/store/cj1r5vllmiq7fh4izsmlacjrdkw2h4b5-mockgen-1.6.0"
        },
        "x86_64-linux": {
          "outputs": [
            {
              "name": "out",
              "path": "/nix/store/hs49h3p9ss5f5bqv6phgsx93s4cawif2-mockgen-1.6.0",
              "default": true
            }
          ],
          "store_path": "/nix/store/hs49h3p9ss5f5bqv6phgsx93s4cawif2-mockgen-1.6.0"
        }
      }
    },
    "yq-go@4.53.3": {
      "last_modified": "2026-06-27T07:37:20Z",
      "resolved": "github:NixOS/nixpkgs/3d46470bb3030020f7e1361f33514854f5bfa86d#yq-go",
      "source": "devbox-search",
      "version": "4.53.3",
      "systems": {
        "aarch64-darwin": {
          "outputs": [
            {
              "name": "out",
              "path": "/nix/store/lpf51yzqr105clhg4c4vyn2blyai4axn-yq-go-4.53.3",
              "default": true
            }
          ],
          "store_path": "/nix/store/lpf51yzqr105clhg4c4vyn2blyai4axn-yq-go-4.53.3"
        },
        "aarch64-linux": {
          "outputs": [
            {
              "name": "out",
              "path": "/nix/store/hnn92zxywj73282qrq31ha89drv13244-yq-go-4.53.3",
              "default": true
            }
          ],
          "store_path": "/nix/store/hnn92zxywj73282qrq31ha89drv13244-yq-go-4.53.3"
        },
        "x86_64-darwin": {
          "outputs": [
            {
              "name": "out",
              "path": "/nix/store/agf9fyr053m3092vsmh6vih3apz0kw05-yq-go-4.53.3",
              "default": true
            }
          ],
          "store_path": "/nix/store/agf9fyr053m3092vsmh6vih3apz0kw05-yq-go-4.53.3"
        },
        "x86_64-linux": {
          "outputs": [
            {
              "name": "out",
              "path": "/nix/store/sky6728rldnq9yzvljy25d1l6k7y1saj-yq-go-4.53.3",
              "default": true
            }
          ],
          "store_path": "/nix/store/sky6728rldnq9yzvljy25d1l6k7y1saj-yq-go-4.53.3"
        }
      }
    }
  }
}
